github.com/Masterminds/semver/v3 v3.3.1 h1:QtNSWtVZ3nBfk8mAOu/B6v7FMJ+NHTIgUPi7rj+4nv4=
github.com/Masterminds/semver/v3 v3.3.1/go.mod h1:4V+yj/TJE1HU9XfppCwVMZq3I84lprf4nC11bSS5beM=
go.klarlabs.de/agent v0.15.0 h1:2g7AwPkQuUoLmli/0JlmDGR/mhtPGCsqt8bSpxFp98A=
go.klarlabs.de/agent v0.15.0/go.mod h1:bv1jLH8B+vHpGLq0HH66L1evUGHpvWMy2wYgmBJn0Lk=
