github.com/tetratelabs/wazero v1.8.2 h1:yIgLR/b2bN31bjxwXHD8a3d+BogigR952csSDdLYEv4=
github.com/tetratelabs/wazero v1.8.2/go.mod h1:yAI0XTsMBhREkM/YDAK/zNou3GoiAce1P6+rp/wQhjs=
go.klarlabs.de/agent v0.15.0 h1:2g7AwPkQuUoLmli/0JlmDGR/mhtPGCsqt8bSpxFp98A=
go.klarlabs.de/agent v0.15.0/go.mod h1:bv1jLH8B+vHpGLq0HH66L1evUGHpvWMy2wYgmBJn0Lk=
